
Microsoft Visual Studio Solution File, Format Version 12.00
# Visual Studio Version 17
VisualStudioVersion = 17.1.32414.318
MinimumVisualStudioVersion = 10.0.40219.1
Project("{FAE04EC0-301F-11D3-BF4B-00C04F79EFBC}") = "DepartmentSystemWebAPI", "DepartmentSystemWebAPI\DepartmentSystemWebAPI.csproj", "{84433080-DF0F-4F63-986C-614FA2FD4B20}"
EndProject
Global
	GlobalSection(SolutionConfigurationPlatforms) = preSolution
		Debug|Any CPU = Debug|Any CPU
		Release|Any CPU = Release|Any CPU
	EndGlobalSection
	GlobalSection(ProjectConfigurationPlatforms) = postSolution
		{84433080-DF0F-4F63-986C-614FA2FD4B20}.Debug|Any CPU.ActiveCfg = Debug|Any CPU
		{84433080-DF0F-4F63-986C-614FA2FD4B20}.Debug|Any CPU.Build.0 = Debug|Any CPU
		{84433080-DF0F-4F63-986C-614FA2FD4B20}.Release|Any CPU.ActiveCfg = Release|Any CPU
		{84433080-DF0F-4F63-986C-614FA2FD4B20}.Release|Any CPU.Build.0 = Release|Any CPU
	EndGlobalSection
	GlobalSection(SolutionProperties) = preSolution
		HideSolutionNode = FALSE
	EndGlobalSection
	GlobalSection(ExtensibilityGlobals) = postSolution
		SolutionGuid = {B3D75088-C4F6-4E0F-87BC-F3C3CFCB07BD}
	EndGlobalSection
EndGlobal
